
Microsoft Visual Studio Solution File, Format Version 12.00
# Visual Studio Version 16
VisualStudioVersion = 16.0.28803.452
MinimumVisualStudioVersion = 10.0.40219.1
Project("{FAE04EC0-301F-11D3-BF4B-00C04F79EFBC}") = "FranDrescher.Android", "FranDrescher\FranDrescher.Android\FranDrescher.Android.csproj", "{F5B60E26-8772-4EFA-AEF7-A9CF3FE89E63}"
EndProject
Project("{FAE04EC0-301F-11D3-BF4B-00C04F79EFBC}") = "FranDrescher.iOS", "FranDrescher\FranDrescher.iOS\FranDrescher.iOS.csproj", "{9F02A84E-BD8C-47F1-A08B-4B7A43F99901}"
EndProject
Project("{FAE04EC0-301F-11D3-BF4B-00C04F79EFBC}") = "FranDrescher", "FranDrescher\FranDrescher\FranDrescher.csproj", "{25B6FF6A-B8B2-44BD-944E-166DBB5794C1}"
EndProject
Global
	GlobalSection(SolutionConfigurationPlatforms) = preSolution
		Debug|Any CPU = Debug|Any CPU
		Debug|iPhone = Debug|iPhone
		Debug|iPhoneSimulator = Debug|iPhoneSimulator
		Release|Any CPU = Release|Any CPU
		Release|iPhone = Release|iPhone
		Release|iPhoneSimulator = Release|iPhoneSimulator
	EndGlobalSection
	GlobalSection(ProjectConfigurationPlatforms) = postSolution
		{F5B60E26-8772-4EFA-AEF7-A9CF3FE89E63}.Debug|Any CPU.ActiveCfg = Debug|Any CPU
		{F5B60E26-8772-4EFA-AEF7-A9CF3FE89E63}.Debug|Any CPU.Build.0 = Debug|Any CPU
		{F5B60E26-8772-4EFA-AEF7-A9CF3FE89E63}.Debug|Any CPU.Deploy.0 = Debug|Any CPU
		{F5B60E26-8772-4EFA-AEF7-A9CF3FE89E63}.Debug|iPhone.ActiveCfg = Debug|Any CPU
		{F5B60E26-8772-4EFA-AEF7-A9CF3FE89E63}.Debug|iPhone.Build.0 = Debug|Any CPU
		{F5B60E26-8772-4EFA-AEF7-A9CF3FE89E63}.Debug|iPhone.Deploy.0 = Debug|Any CPU
		{F5B60E26-8772-4EFA-AEF7-A9CF3FE89E63}.Debug|iPhoneSimulator.ActiveCfg = Debug|Any CPU
		{F5B60E26-8772-4EFA-AEF7-A9CF3FE89E63}.Debug|iPhoneSimulator.Build.0 = Debug|Any CPU
		{F5B60E26-8772-4EFA-AEF7-A9CF3FE89E63}.Debug|iPhoneSimulator.Deploy.0 = Debug|Any CPU
		{F5B60E26-8772-4EFA-AEF7-A9CF3FE89E63}.Release|Any CPU.ActiveCfg = Release|Any CPU
		{F5B60E26-8772-4EFA-AEF7-A9CF3FE89E63}.Release|Any CPU.Build.0 = Release|Any CPU
		{F5B60E26-8772-4EFA-AEF7-A9CF3FE89E63}.Release|Any CPU.Deploy.0 = Release|Any CPU
		{F5B60E26-8772-4EFA-AEF7-A9CF3FE89E63}.Release|iPhone.ActiveCfg = Release|Any CPU
		{F5B60E26-8772-4EFA-AEF7-A9CF3FE89E63}.Release|iPhone.Build.0 = Release|Any CPU
		{F5B60E26-8772-4EFA-AEF7-A9CF3FE89E63}.Release|iPhone.Deploy.0 = Release|Any CPU
		{F5B60E26-8772-4EFA-AEF7-A9CF3FE89E63}.Release|iPhoneSimulator.ActiveCfg = Release|Any CPU
		{F5B60E26-8772-4EFA-AEF7-A9CF3FE89E63}.Release|iPhoneSimulator.Build.0 = Release|Any CPU
		{F5B60E26-8772-4EFA-AEF7-A9CF3FE89E63}.Release|iPhoneSimulator.Deploy.0 = Release|Any CPU
		{9F02A84E-BD8C-47F1-A08B-4B7A43F99901}.Debug|Any CPU.ActiveCfg = Debug|iPhoneSimulator
		{9F02A84E-BD8C-47F1-A08B-4B7A43F99901}.Debug|Any CPU.Build.0 = Debug|iPhoneSimulator
		{9F02A84E-BD8C-47F1-A08B-4B7A43F99901}.Debug|Any CPU.Deploy.0 = Debug|iPhoneSimulator
		{9F02A84E-BD8C-47F1-A08B-4B7A43F99901}.Debug|iPhone.ActiveCfg = Debug|iPhone
		{9F02A84E-BD8C-47F1-A08B-4B7A43F99901}.Debug|iPhone.Build.0 = Debug|iPhone
		{9F02A84E-BD8C-47F1-A08B-4B7A43F99901}.Debug|iPhone.Deploy.0 = Debug|iPhone
		{9F02A84E-BD8C-47F1-A08B-4B7A43F99901}.Debug|iPhoneSimulator.ActiveCfg = Debug|iPhoneSimulator
		{9F02A84E-BD8C-47F1-A08B-4B7A43F99901}.Debug|iPhoneSimulator.Build.0 = Debug|iPhoneSimulator
		{9F02A84E-BD8C-47F1-A08B-4B7A43F99901}.Debug|iPhoneSimulator.Deploy.0 = Debug|iPhoneSimulator
		{9F02A84E-BD8C-47F1-A08B-4B7A43F99901}.Release|Any CPU.ActiveCfg = Release|iPhone
		{9F02A84E-BD8C-47F1-A08B-4B7A43F99901}.Release|Any CPU.Build.0 = Release|iPhone
		{9F02A84E-BD8C-47F1-A08B-4B7A43F99901}.Release|Any CPU.Deploy.0 = Release|iPhone
		{9F02A84E-BD8C-47F1-A08B-4B7A43F99901}.Release|iPhone.ActiveCfg = Release|iPhone
		{9F02A84E-BD8C-47F1-A08B-4B7A43F99901}.Release|iPhone.Build.0 = Release|iPhone
		{9F02A84E-BD8C-47F1-A08B-4B7A43F99901}.Release|iPhone.Deploy.0 = Release|iPhone
		{9F02A84E-BD8C-47F1-A08B-4B7A43F99901}.Release|iPhoneSimulator.ActiveCfg = Release|iPhoneSimulator
		{9F02A84E-BD8C-47F1-A08B-4B7A43F99901}.Release|iPhoneSimulator.Build.0 = Release|iPhoneSimulator
		{9F02A84E-BD8C-47F1-A08B-4B7A43F99901}.Release|iPhoneSimulator.Deploy.0 = Release|iPhoneSimulator
		{25B6FF6A-B8B2-44BD-944E-166DBB5794C1}.Debug|Any CPU.ActiveCfg = Debug|Any CPU
		{25B6FF6A-B8B2-44BD-944E-166DBB5794C1}.Debug|Any CPU.Build.0 = Debug|Any CPU
		{25B6FF6A-B8B2-44BD-944E-166DBB5794C1}.Debug|Any CPU.Deploy.0 = Debug|Any CPU
		{25B6FF6A-B8B2-44BD-944E-166DBB5794C1}.Debug|iPhone.ActiveCfg = Debug|Any CPU
		{25B6FF6A-B8B2-44BD-944E-166DBB5794C1}.Debug|iPhone.Build.0 = Debug|Any CPU
		{25B6FF6A-B8B2-44BD-944E-166DBB5794C1}.Debug|iPhone.Deploy.0 = Debug|Any CPU
		{25B6FF6A-B8B2-44BD-944E-166DBB5794C1}.Debug|iPhoneSimulator.ActiveCfg = Debug|Any CPU
		{25B6FF6A-B8B2-44BD-944E-166DBB5794C1}.Debug|iPhoneSimulator.Build.0 = Debug|Any CPU
		{25B6FF6A-B8B2-44BD-944E-166DBB5794C1}.Debug|iPhoneSimulator.Deploy.0 = Debug|Any CPU
		{25B6FF6A-B8B2-44BD-944E-166DBB5794C1}.Release|Any CPU.ActiveCfg = Release|Any CPU
		{25B6FF6A-B8B2-44BD-944E-166DBB5794C1}.Release|Any CPU.Build.0 = Release|Any CPU
		{25B6FF6A-B8B2-44BD-944E-166DBB5794C1}.Release|Any CPU.Deploy.0 = Release|Any CPU
		{25B6FF6A-B8B2-44BD-944E-166DBB5794C1}.Release|iPhone.ActiveCfg = Release|Any CPU
		{25B6FF6A-B8B2-44BD-944E-166DBB5794C1}.Release|iPhone.Build.0 = Release|Any CPU
		{25B6FF6A-B8B2-44BD-944E-166DBB5794C1}.Release|iPhone.Deploy.0 = Release|Any CPU
		{25B6FF6A-B8B2-44BD-944E-166DBB5794C1}.Release|iPhoneSimulator.ActiveCfg = Release|Any CPU
		{25B6FF6A-B8B2-44BD-944E-166DBB5794C1}.Release|iPhoneSimulator.Build.0 = Release|Any CPU
		{25B6FF6A-B8B2-44BD-944E-166DBB5794C1}.Release|iPhoneSimulator.Deploy.0 = Release|Any CPU
	EndGlobalSection
	GlobalSection(SolutionProperties) = preSolution
		HideSolutionNode = FALSE
	EndGlobalSection
	GlobalSection(ExtensibilityGlobals) = postSolution
		SolutionGuid = {7D052D79-11E7-48A5-AC05-EB1CD7DADC7A}
	EndGlobalSection
EndGlobal
